
Microsoft Visual Studio Solution File, Format Version 12.00
# Visual Studio Version 17
VisualStudioVersion = 17.13.35931.197 d17.13
MinimumVisualStudioVersion = 10.0.40219.1
Project("{FAE04EC0-301F-11D3-BF4B-00C04F79EFBC}") = "Parabens", "Parabens\Parabens.csproj", "{A091F8E4-8EC8-41A9-9A2C-6446CEFC3C42}"
EndProject
Global
	GlobalSection(SolutionConfigurationPlatforms) = preSolution
		Debug|Any CPU = Debug|Any CPU
		Release|Any CPU = Release|Any CPU
	EndGlobalSection
	GlobalSection(ProjectConfigurationPlatforms) = postSolution
		{A091F8E4-8EC8-41A9-9A2C-6446CEFC3C42}.Debug|Any CPU.ActiveCfg = Debug|Any CPU
		{A091F8E4-8EC8-41A9-9A2C-6446CEFC3C42}.Debug|Any CPU.Build.0 = Debug|Any CPU
		{A091F8E4-8EC8-41A9-9A2C-6446CEFC3C42}.Release|Any CPU.ActiveCfg = Release|Any CPU
		{A091F8E4-8EC8-41A9-9A2C-6446CEFC3C42}.Release|Any CPU.Build.0 = Release|Any CPU
	EndGlobalSection
	GlobalSection(SolutionProperties) = preSolution
		HideSolutionNode = FALSE
	EndGlobalSection
	GlobalSection(ExtensibilityGlobals) = postSolution
		SolutionGuid = {52AAFD9A-B18B-4C5C-8D09-13201D83FCA4}
	EndGlobalSection
EndGlobal
